{
  "name": "carboyz",
  "version": "0.1.0",
  "lockfileVersion": 3,
  "requires": true,
  "packages": {
    "": {
      "name": "carboyz",
      "version": "0.1.0",
      "dependencies": {
        "@nemzilla/spatial-core": "file:../spatial-core"
      },
      "engines": {
        "node": ">=20"
      }
    },
    "../spatial-core": {
      "name": "@nemzilla/spatial-core",
      "version": "1.0.0",
      "dependencies": {
        "h3-js": "^4.5.0"
      },
      "devDependencies": {
        "@types/node": "^24.13.1",
        "typescript": "^5.9.3"
      },
      "engines": {
        "node": ">=20"
      }
    },
    "node_modules/@nemzilla/spatial-core": {
      "resolved": "../spatial-core",
      "link": true
    }
  }
}
